
Microsoft Visual Studio Solution File, Format Version 12.00
# Visual Studio Version 16
VisualStudioVersion = 16.0.31729.503
MinimumVisualStudioVersion = 10.0.40219.1
Project("{9A19103F-16F7-4668-BE54-9A1E7A4F7556}") = "Dislinkt.Profile.WebApi", "Dislinkt.Profile\Dislinkt.Profile.WebApi.csproj", "{2F32EC39-3158-4E58-B257-0AEC469B1A23}"
EndProject
Project("{FAE04EC0-301F-11D3-BF4B-00C04F79EFBC}") = "Dislinkt.Profile", "Dislinkt.Profile.Application\Dislinkt.Profile.csproj", "{A0D5730E-58A0-475C-852C-E4282FDCF172}"
EndProject
Project("{FAE04EC0-301F-11D3-BF4B-00C04F79EFBC}") = "Dislinkt.Profile.Domain", "Dislinkt.Profile.Domain\Dislinkt.Profile.Domain.csproj", "{B5BD2D77-030C-47BF-9B1B-B155B136535C}"
EndProject
Project("{FAE04EC0-301F-11D3-BF4B-00C04F79EFBC}") = "Dislinkt.Profile.Persistance.MongoDB", "Dislinkt.Profile.Persistance.MongoDB\Dislinkt.Profile.Persistance.MongoDB.csproj", "{0BD532DA-C8C8-4579-88AC-EE8AD5379D67}"
EndProject
Project("{FAE04EC0-301F-11D3-BF4B-00C04F79EFBC}") = "Dislinkt.Profile.Core", "Dislinkt.Profile.Core\Dislinkt.Profile.Core.csproj", "{9F19F507-05BA-487A-85A7-1147E89E00E3}"
EndProject
Project("{FAE04EC0-301F-11D3-BF4B-00C04F79EFBC}") = "Dislinkt.Profile.App", "Dislinkt.Profile.App\Dislinkt.Profile.App.csproj", "{25D1E3FA-7351-4C4C-9ADA-D83690C5B2C7}"
EndProject
Project("{FAE04EC0-301F-11D3-BF4B-00C04F79EFBC}") = "Dislinkt.Profile.RabbitMQ", "Dislinkt.Profile.RabbitMQ\Dislinkt.Profile.RabbitMQ.csproj", "{CCBC3A9B-43A5-4139-8153-C99BA35909ED}"
EndProject
Project("{E53339B2-1760-4266-BCC7-CA923CBCF16C}") = "docker-compose", "docker-compose.dcproj", "{37B4C8A9-8414-4398-972E-A1CE2AD18F2F}"
EndProject
Global
	GlobalSection(SolutionConfigurationPlatforms) = preSolution
		Debug|Any CPU = Debug|Any CPU
		Release|Any CPU = Release|Any CPU
	EndGlobalSection
	GlobalSection(ProjectConfigurationPlatforms) = postSolution
		{2F32EC39-3158-4E58-B257-0AEC469B1A23}.Debug|Any CPU.ActiveCfg = Debug|Any CPU
		{2F32EC39-3158-4E58-B257-0AEC469B1A23}.Debug|Any CPU.Build.0 = Debug|Any CPU
		{2F32EC39-3158-4E58-B257-0AEC469B1A23}.Release|Any CPU.ActiveCfg = Release|Any CPU
		{2F32EC39-3158-4E58-B257-0AEC469B1A23}.Release|Any CPU.Build.0 = Release|Any CPU
		{A0D5730E-58A0-475C-852C-E4282FDCF172}.Debug|Any CPU.ActiveCfg = Debug|Any CPU
		{A0D5730E-58A0-475C-852C-E4282FDCF172}.Debug|Any CPU.Build.0 = Debug|Any CPU
		{A0D5730E-58A0-475C-852C-E4282FDCF172}.Release|Any CPU.ActiveCfg = Release|Any CPU
		{A0D5730E-58A0-475C-852C-E4282FDCF172}.Release|Any CPU.Build.0 = Release|Any CPU
		{B5BD2D77-030C-47BF-9B1B-B155B136535C}.Debug|Any CPU.ActiveCfg = Debug|Any CPU
		{B5BD2D77-030C-47BF-9B1B-B155B136535C}.Debug|Any CPU.Build.0 = Debug|Any CPU
		{B5BD2D77-030C-47BF-9B1B-B155B136535C}.Release|Any CPU.ActiveCfg = Release|Any CPU
		{B5BD2D77-030C-47BF-9B1B-B155B136535C}.Release|Any CPU.Build.0 = Release|Any CPU
		{0BD532DA-C8C8-4579-88AC-EE8AD5379D67}.Debug|Any CPU.ActiveCfg = Debug|Any CPU
		{0BD532DA-C8C8-4579-88AC-EE8AD5379D67}.Debug|Any CPU.Build.0 = Debug|Any CPU
		{0BD532DA-C8C8-4579-88AC-EE8AD5379D67}.Release|Any CPU.ActiveCfg = Release|Any CPU
		{0BD532DA-C8C8-4579-88AC-EE8AD5379D67}.Release|Any CPU.Build.0 = Release|Any CPU
		{9F19F507-05BA-487A-85A7-1147E89E00E3}.Debug|Any CPU.ActiveCfg = Debug|Any CPU
		{9F19F507-05BA-487A-85A7-1147E89E00E3}.Debug|Any CPU.Build.0 = Debug|Any CPU
		{9F19F507-05BA-487A-85A7-1147E89E00E3}.Release|Any CPU.ActiveCfg = Release|Any CPU
		{9F19F507-05BA-487A-85A7-1147E89E00E3}.Release|Any CPU.Build.0 = Release|Any CPU
		{25D1E3FA-7351-4C4C-9ADA-D83690C5B2C7}.Debug|Any CPU.ActiveCfg = Debug|Any CPU
		{25D1E3FA-7351-4C4C-9ADA-D83690C5B2C7}.Debug|Any CPU.Build.0 = Debug|Any CPU
		{25D1E3FA-7351-4C4C-9ADA-D83690C5B2C7}.Release|Any CPU.ActiveCfg = Release|Any CPU
		{25D1E3FA-7351-4C4C-9ADA-D83690C5B2C7}.Release|Any CPU.Build.0 = Release|Any CPU
		{CCBC3A9B-43A5-4139-8153-C99BA35909ED}.Debug|Any CPU.ActiveCfg = Debug|Any CPU
		{CCBC3A9B-43A5-4139-8153-C99BA35909ED}.Debug|Any CPU.Build.0 = Debug|Any CPU
		{CCBC3A9B-43A5-4139-8153-C99BA35909ED}.Release|Any CPU.ActiveCfg = Release|Any CPU
		{CCBC3A9B-43A5-4139-8153-C99BA35909ED}.Release|Any CPU.Build.0 = Release|Any CPU
		{37B4C8A9-8414-4398-972E-A1CE2AD18F2F}.Debug|Any CPU.ActiveCfg = Debug|Any CPU
		{37B4C8A9-8414-4398-972E-A1CE2AD18F2F}.Debug|Any CPU.Build.0 = Debug|Any CPU
		{37B4C8A9-8414-4398-972E-A1CE2AD18F2F}.Release|Any CPU.ActiveCfg = Release|Any CPU
		{37B4C8A9-8414-4398-972E-A1CE2AD18F2F}.Release|Any CPU.Build.0 = Release|Any CPU
	EndGlobalSection
	GlobalSection(SolutionProperties) = preSolution
		HideSolutionNode = FALSE
	EndGlobalSection
	GlobalSection(ExtensibilityGlobals) = postSolution
		SolutionGuid = {8140CE12-53E8-4EBC-92A8-21D686A3BBBE}
	EndGlobalSection
EndGlobal
